
Microsoft Visual Studio Solution File, Format Version 12.00
# Visual Studio Version 17
VisualStudioVersion = 17.7.34221.43
MinimumVisualStudioVersion = 10.0.40219.1
Project("{FAE04EC0-301F-11D3-BF4B-00C04F79EFBC}") = "dom10(1)", "dom10(1)\dom10(1).csproj", "{2BFE68A2-9A59-44F3-BE51-BA8153CE1B84}"
EndProject
Global
	GlobalSection(SolutionConfigurationPlatforms) = preSolution
		Debug|Any CPU = Debug|Any CPU
		Release|Any CPU = Release|Any CPU
	EndGlobalSection
	GlobalSection(ProjectConfigurationPlatforms) = postSolution
		{2BFE68A2-9A59-44F3-BE51-BA8153CE1B84}.Debug|Any CPU.ActiveCfg = Debug|Any CPU
		{2BFE68A2-9A59-44F3-BE51-BA8153CE1B84}.Debug|Any CPU.Build.0 = Debug|Any CPU
		{2BFE68A2-9A59-44F3-BE51-BA8153CE1B84}.Release|Any CPU.ActiveCfg = Release|Any CPU
		{2BFE68A2-9A59-44F3-BE51-BA8153CE1B84}.Release|Any CPU.Build.0 = Release|Any CPU
	EndGlobalSection
	GlobalSection(SolutionProperties) = preSolution
		HideSolutionNode = FALSE
	EndGlobalSection
	GlobalSection(ExtensibilityGlobals) = postSolution
		SolutionGuid = {58DD6270-4CC1-46BE-916F-8DB15293C4EB}
	EndGlobalSection
EndGlobal
